// !$*UTF8*$!
{
	archiveVersion = 1;
	classes = {
	};
	objectVersion = 56;
	objects = {

/* Begin PBXBuildFile section */
		D71A5EDB2AC0705A00D909E9 /* Key.plist in Resources */ = {isa = PBXBuildFile; fileRef = D71A5EDA2AC0705A00D909E9 /* Key.plist */; };
		D71A5EDD2AC070A300D909E9 /* Key+Extension.swift in Sources */ = {isa = PBXBuildFile; fileRef = D71A5EDC2AC070A300D909E9 /* Key+Extension.swift */; };
		D71A5EDF2AC0713D00D909E9 /* APIEnvironment.swift in Sources */ = {isa = PBXBuildFile; fileRef = D71A5EDE2AC0713D00D909E9 /* APIEnvironment.swift */; };
		D71A5EE22AC071D000D909E9 /* NewsEndPoint.swift in Sources */ = {isa = PBXBuildFile; fileRef = D71A5EE12AC071D000D909E9 /* NewsEndPoint.swift */; };
		D71A5EE52AC0752800D909E9 /* Moya in Frameworks */ = {isa = PBXBuildFile; productRef = D71A5EE42AC0752800D909E9 /* Moya */; };
		D71A5EE92AC075DF00D909E9 /* BaseViewType.swift in Sources */ = {isa = PBXBuildFile; fileRef = D71A5EE82AC075DF00D909E9 /* BaseViewType.swift */; };
		D71A5EEE2AC0772D00D909E9 /* NewsView.swift in Sources */ = {isa = PBXBuildFile; fileRef = D71A5EED2AC0772D00D909E9 /* NewsView.swift */; };
		D71A5EF32AC07C6D00D909E9 /* ArticleCell.swift in Sources */ = {isa = PBXBuildFile; fileRef = D71A5EF22AC07C6D00D909E9 /* ArticleCell.swift */; };
		D71A5EF72AC07EE000D909E9 /* UIView+Preview.swift in Sources */ = {isa = PBXBuildFile; fileRef = D71A5EF62AC07EE000D909E9 /* UIView+Preview.swift */; };
		D71A5EFA2AC0821B00D909E9 /* SnapKit in Frameworks */ = {isa = PBXBuildFile; productRef = D71A5EF92AC0821B00D909E9 /* SnapKit */; };
		D71A5EFD2AC088F500D909E9 /* NewsViewModel.swift in Sources */ = {isa = PBXBuildFile; fileRef = D71A5EFC2AC088F500D909E9 /* NewsViewModel.swift */; };
		D71A5F002AC089BC00D909E9 /* NewsUsecase.swift in Sources */ = {isa = PBXBuildFile; fileRef = D71A5EFF2AC089BC00D909E9 /* NewsUsecase.swift */; };
		D71A5F042AC08A1900D909E9 /* NewsResponseDTO.swift in Sources */ = {isa = PBXBuildFile; fileRef = D71A5F032AC08A1900D909E9 /* NewsResponseDTO.swift */; };
		D71A5F072AC08A5700D909E9 /* NewsResponse.swift in Sources */ = {isa = PBXBuildFile; fileRef = D71A5F062AC08A5700D909E9 /* NewsResponse.swift */; };
		D71A5F0A2AC08AB300D909E9 /* NewsRepository.swift in Sources */ = {isa = PBXBuildFile; fileRef = D71A5F092AC08AB300D909E9 /* NewsRepository.swift */; };
		D71A5F0E2AC120D700D909E9 /* UIViewController+Combine.swift in Sources */ = {isa = PBXBuildFile; fileRef = D71A5F0D2AC120D700D909E9 /* UIViewController+Combine.swift */; };
		D71A5F112AC146F200D909E9 /* UIViewController+Preview.swift in Sources */ = {isa = PBXBuildFile; fileRef = D71A5F102AC146F200D909E9 /* UIViewController+Preview.swift */; };
		D71A5F142AC14BFD00D909E9 /* UIViewController+Alert.swift in Sources */ = {isa = PBXBuildFile; fileRef = D71A5F132AC14BFD00D909E9 /* UIViewController+Alert.swift */; };
		D781F2DD2AC055B50031366E /* AppDelegate.swift in Sources */ = {isa = PBXBuildFile; fileRef = D781F2DC2AC055B50031366E /* AppDelegate.swift */; };
		D781F2DF2AC055B50031366E /* SceneDelegate.swift in Sources */ = {isa = PBXBuildFile; fileRef = D781F2DE2AC055B50031366E /* SceneDelegate.swift */; };
		D781F2E12AC055B50031366E /* NewsViewController.swift in Sources */ = {isa = PBXBuildFile; fileRef = D781F2E02AC055B50031366E /* NewsViewController.swift */; };
		D781F2E62AC055B60031366E /* Assets.xcassets in Resources */ = {isa = PBXBuildFile; fileRef = D781F2E52AC055B60031366E /* Assets.xcassets */; };
		D781F2E92AC055B60031366E /* LaunchScreen.storyboard in Resources */ = {isa = PBXBuildFile; fileRef = D781F2E72AC055B60031366E /* LaunchScreen.storyboard */; };
		D781F2F42AC055B60031366E /* CleanArchitecture_MVVMTests.swift in Sources */ = {isa = PBXBuildFile; fileRef = D781F2F32AC055B60031366E /* CleanArchitecture_MVVMTests.swift */; };
		D781F2FE2AC055B60031366E /* CleanArchitecture_MVVMUITests.swift in Sources */ = {isa = PBXBuildFile; fileRef = D781F2FD2AC055B60031366E /* CleanArchitecture_MVVMUITests.swift */; };
		D781F3002AC055B60031366E /* CleanArchitecture_MVVMUITestsLaunchTests.swift in Sources */ = {isa = PBXBuildFile; fileRef = D781F2FF2AC055B60031366E /* CleanArchitecture_MVVMUITestsLaunchTests.swift */; };
/* End PBXBuildFile section */

/* Begin PBXContainerItemProxy section */
		D781F2F02AC055B60031366E /* PBXContainerItemProxy */ = {
			isa = PBXContainerItemProxy;
			containerPortal = D781F2D12AC055B50031366E /* Project object */;
			proxyType = 1;
			remoteGlobalIDString = D781F2D82AC055B50031366E;
			remoteInfo = CleanArchitecture_MVVM;
		};
		D781F2FA2AC055B60031366E /* PBXContainerItemProxy */ = {
			isa = PBXContainerItemProxy;
			containerPortal = D781F2D12AC055B50031366E /* Project object */;
			proxyType = 1;
			remoteGlobalIDString = D781F2D82AC055B50031366E;
			remoteInfo = CleanArchitecture_MVVM;
		};
/* End PBXContainerItemProxy section */

/* Begin PBXFileReference section */
		D71A5EDA2AC0705A00D909E9 /* Key.plist */ = {isa = PBXFileReference; lastKnownFileType = text.plist.xml; path = Key.plist; sourceTree = "<group>"; };
		D71A5EDC2AC070A300D909E9 /* Key+Extension.swift */ = {isa = PBXFileReference; lastKnownFileType = sourcecode.swift; path = "Key+Extension.swift"; sourceTree = "<group>"; };
		D71A5EDE2AC0713D00D909E9 /* APIEnvironment.swift */ = {isa = PBXFileReference; lastKnownFileType = sourcecode.swift; path = APIEnvironment.swift; sourceTree = "<group>"; };
		D71A5EE12AC071D000D909E9 /* NewsEndPoint.swift */ = {isa = PBXFileReference; lastKnownFileType = sourcecode.swift; path = NewsEndPoint.swift; sourceTree = "<group>"; };
		D71A5EE82AC075DF00D909E9 /* BaseViewType.swift */ = {isa = PBXFileReference; lastKnownFileType = sourcecode.swift; path = BaseViewType.swift; sourceTree = "<group>"; };
		D71A5EED2AC0772D00D909E9 /* NewsView.swift */ = {isa = PBXFileReference; lastKnownFileType = sourcecode.swift; path = NewsView.swift; sourceTree = "<group>"; };
		D71A5EF22AC07C6D00D909E9 /* ArticleCell.swift */ = {isa = PBXFileReference; lastKnownFileType = sourcecode.swift; path = ArticleCell.swift; sourceTree = "<group>"; };
		D71A5EF62AC07EE000D909E9 /* UIView+Preview.swift */ = {isa = PBXFileReference; lastKnownFileType = sourcecode.swift; path = "UIView+Preview.swift"; sourceTree = "<group>"; };
		D71A5EFC2AC088F500D909E9 /* NewsViewModel.swift */ = {isa = PBXFileReference; lastKnownFileType = sourcecode.swift; path = NewsViewModel.swift; sourceTree = "<group>"; };
		D71A5EFF2AC089BC00D909E9 /* NewsUsecase.swift */ = {isa = PBXFileReference; lastKnownFileType = sourcecode.swift; path = NewsUsecase.swift; sourceTree = "<group>"; };
		D71A5F032AC08A1900D909E9 /* NewsResponseDTO.swift */ = {isa = PBXFileReference; lastKnownFileType = sourcecode.swift; path = NewsResponseDTO.swift; sourceTree = "<group>"; };
		D71A5F062AC08A5700D909E9 /* NewsResponse.swift */ = {isa = PBXFileReference; lastKnownFileType = sourcecode.swift; path = NewsResponse.swift; sourceTree = "<group>"; };
		D71A5F092AC08AB300D909E9 /* NewsRepository.swift */ = {isa = PBXFileReference; lastKnownFileType = sourcecode.swift; path = NewsRepository.swift; sourceTree = "<group>"; };
		D71A5F0D2AC120D700D909E9 /* UIViewController+Combine.swift */ = {isa = PBXFileReference; lastKnownFileType = sourcecode.swift; path = "UIViewController+Combine.swift"; sourceTree = "<group>"; };
		D71A5F102AC146F200D909E9 /* UIViewController+Preview.swift */ = {isa = PBXFileReference; lastKnownFileType = sourcecode.swift; path = "UIViewController+Preview.swift"; sourceTree = "<group>"; };
		D71A5F132AC14BFD00D909E9 /* UIViewController+Alert.swift */ = {isa = PBXFileReference; lastKnownFileType = sourcecode.swift; path = "UIViewController+Alert.swift"; sourceTree = "<group>"; };
		D781F2D92AC055B50031366E /* CleanArchitecture_MVVM.app */ = {isa = PBXFileReference; explicitFileType = wrapper.application; includeInIndex = 0; path = CleanArchitecture_MVVM.app; sourceTree = BUILT_PRODUCTS_DIR; };
		D781F2DC2AC055B50031366E /* AppDelegate.swift */ = {isa = PBXFileReference; lastKnownFileType = sourcecode.swift; path = AppDelegate.swift; sourceTree = "<group>"; };
		D781F2DE2AC055B50031366E /* SceneDelegate.swift */ = {isa = PBXFileReference; lastKnownFileType = sourcecode.swift; path = SceneDelegate.swift; sourceTree = "<group>"; };
		D781F2E02AC055B50031366E /* NewsViewController.swift */ = {isa = PBXFileReference; lastKnownFileType = sourcecode.swift; path = NewsViewController.swift; sourceTree = "<group>"; };
		D781F2E52AC055B60031366E /* Assets.xcassets */ = {isa = PBXFileReference; lastKnownFileType = folder.assetcatalog; path = Assets.xcassets; sourceTree = "<group>"; };
		D781F2E82AC055B60031366E /* Base */ = {isa = PBXFileReference; lastKnownFileType = file.storyboard; name = Base; path = Base.lproj/LaunchScreen.storyboard; sourceTree = "<group>"; };
		D781F2EA2AC055B60031366E /* Info.plist */ = {isa = PBXFileReference; lastKnownFileType = text.plist.xml; path = Info.plist; sourceTree = "<group>"; };
		D781F2EF2AC055B60031366E /* CleanArchitecture_MVVMTests.xctest */ = {isa = PBXFileReference; explicitFileType = wrapper.cfbundle; includeInIndex = 0; path = CleanArchitecture_MVVMTests.xctest; sourceTree = BUILT_PRODUCTS_DIR; };
		D781F2F32AC055B60031366E /* CleanArchitecture_MVVMTests.swift */ = {isa = PBXFileReference; lastKnownFileType = sourcecode.swift; path = CleanArchitecture_MVVMTests.swift; sourceTree = "<group>"; };
		D781F2F92AC055B60031366E /* CleanArchitecture_MVVMUITests.xctest */ = {isa = PBXFileReference; explicitFileType = wrapper.cfbundle; includeInIndex = 0; path = CleanArchitecture_MVVMUITests.xctest; sourceTree = BUILT_PRODUCTS_DIR; };
		D781F2FD2AC055B60031366E /* CleanArchitecture_MVVMUITests.swift */ = {isa = PBXFileReference; lastKnownFileType = sourcecode.swift; path = CleanArchitecture_MVVMUITests.swift; sourceTree = "<group>"; };
		D781F2FF2AC055B60031366E /* CleanArchitecture_MVVMUITestsLaunchTests.swift */ = {isa = PBXFileReference; lastKnownFileType = sourcecode.swift; path = CleanArchitecture_MVVMUITestsLaunchTests.swift; sourceTree = "<group>"; };
/* End PBXFileReference section */

/* Begin PBXFrameworksBuildPhase section */
		D781F2D62AC055B50031366E /* Frameworks */ = {
			isa = PBXFrameworksBuildPhase;
			buildActionMask = 2147483647;
			files = (
				D71A5EE52AC0752800D909E9 /* Moya in Frameworks */,
				D71A5EFA2AC0821B00D909E9 /* SnapKit in Frameworks */,
			);
			runOnlyForDeploymentPostprocessing = 0;
		};
		D781F2EC2AC055B60031366E /* Frameworks */ = {
			isa = PBXFrameworksBuildPhase;
			buildActionMask = 2147483647;
			files = (
			);
			runOnlyForDeploymentPostprocessing = 0;
		};
		D781F2F62AC055B60031366E /* Frameworks */ = {
			isa = PBXFrameworksBuildPhase;
			buildActionMask = 2147483647;
			files = (
			);
			runOnlyForDeploymentPostprocessing = 0;
		};
/* End PBXFrameworksBuildPhase section */

/* Begin PBXGroup section */
		D71A5ED82AC0702500D909E9 /* Foundation */ = {
			isa = PBXGroup;
			children = (
				D71A5EDA2AC0705A00D909E9 /* Key.plist */,
				D71A5EDC2AC070A300D909E9 /* Key+Extension.swift */,
				D71A5EDE2AC0713D00D909E9 /* APIEnvironment.swift */,
			);
			path = Foundation;
			sourceTree = "<group>";
		};
		D71A5ED92AC0702D00D909E9 /* EndPoint */ = {
			isa = PBXGroup;
			children = (
				D71A5EE12AC071D000D909E9 /* NewsEndPoint.swift */,
			);
			path = EndPoint;
			sourceTree = "<group>";
		};
		D71A5EE02AC0718D00D909E9 /* Network */ = {
			isa = PBXGroup;
			children = (
				D71A5ED82AC0702500D909E9 /* Foundation */,
				D71A5ED92AC0702D00D909E9 /* EndPoint */,
			);
			path = Network;
			sourceTree = "<group>";
		};
		D71A5EE32AC0752800D909E9 /* Frameworks */ = {
			isa = PBXGroup;
			children = (
			);
			name = Frameworks;
			sourceTree = "<group>";
		};
		D71A5EE62AC075CF00D909E9 /* Common */ = {
			isa = PBXGroup;
			children = (
				D71A5EE72AC075D700D909E9 /* Base */,
			);
			path = Common;
			sourceTree = "<group>";
		};
		D71A5EE72AC075D700D909E9 /* Base */ = {
			isa = PBXGroup;
			children = (
				D71A5EE82AC075DF00D909E9 /* BaseViewType.swift */,
			);
			path = Base;
			sourceTree = "<group>";
		};
		D71A5EEA2AC0766400D909E9 /* News */ = {
			isa = PBXGroup;
			children = (
				D71A5EF12AC07C5600D909E9 /* Cell */,
				D71A5EFB2AC0888000D909E9 /* ViewModel */,
				D71A5EEC2AC0772200D909E9 /* View */,
				D71A5EEB2AC0771600D909E9 /* ViewController */,
			);
			path = News;
			sourceTree = "<group>";
		};
		D71A5EEB2AC0771600D909E9 /* ViewController */ = {
			isa = PBXGroup;
			children = (
				D781F2E02AC055B50031366E /* NewsViewController.swift */,
			);
			path = ViewController;
			sourceTree = "<group>";
		};
		D71A5EEC2AC0772200D909E9 /* View */ = {
			isa = PBXGroup;
			children = (
				D71A5EED2AC0772D00D909E9 /* NewsView.swift */,
			);
			path = View;
			sourceTree = "<group>";
		};
		D71A5EF12AC07C5600D909E9 /* Cell */ = {
			isa = PBXGroup;
			children = (
				D71A5EF22AC07C6D00D909E9 /* ArticleCell.swift */,
			);
			path = Cell;
			sourceTree = "<group>";
		};
		D71A5EFB2AC0888000D909E9 /* ViewModel */ = {
			isa = PBXGroup;
			children = (
				D71A5EFC2AC088F500D909E9 /* NewsViewModel.swift */,
			);
			path = ViewModel;
			sourceTree = "<group>";
		};
		D71A5F012AC08A0B00D909E9 /* DTO */ = {
			isa = PBXGroup;
			children = (
				D71A5F022AC08A0F00D909E9 /* ResponseDTO */,
			);
			path = DTO;
			sourceTree = "<group>";
		};
		D71A5F022AC08A0F00D909E9 /* ResponseDTO */ = {
			isa = PBXGroup;
			children = (
				D71A5F032AC08A1900D909E9 /* NewsResponseDTO.swift */,
			);
			path = ResponseDTO;
			sourceTree = "<group>";
		};
		D71A5F052AC08A4F00D909E9 /* Entity */ = {
			isa = PBXGroup;
			children = (
				D71A5F062AC08A5700D909E9 /* NewsResponse.swift */,
			);
			path = Entity;
			sourceTree = "<group>";
		};
		D71A5F082AC08A9D00D909E9 /* Repository */ = {
			isa = PBXGroup;
			children = (
				D71A5F092AC08AB300D909E9 /* NewsRepository.swift */,
			);
			path = Repository;
			sourceTree = "<group>";
		};
		D71A5F0B2AC120B900D909E9 /* Extension */ = {
			isa = PBXGroup;
			children = (
				D71A5F122AC14BF400D909E9 /* UI */,
				D71A5F0F2AC146E600D909E9 /* Preview */,
				D71A5F0C2AC120C100D909E9 /* Combine */,
			);
			path = Extension;
			sourceTree = "<group>";
		};
		D71A5F0C2AC120C100D909E9 /* Combine */ = {
			isa = PBXGroup;
			children = (
				D71A5F0D2AC120D700D909E9 /* UIViewController+Combine.swift */,
			);
			path = Combine;
			sourceTree = "<group>";
		};
		D71A5F0F2AC146E600D909E9 /* Preview */ = {
			isa = PBXGroup;
			children = (
				D71A5F102AC146F200D909E9 /* UIViewController+Preview.swift */,
				D71A5EF62AC07EE000D909E9 /* UIView+Preview.swift */,
			);
			path = Preview;
			sourceTree = "<group>";
		};
		D71A5F122AC14BF400D909E9 /* UI */ = {
			isa = PBXGroup;
			children = (
				D71A5F132AC14BFD00D909E9 /* UIViewController+Alert.swift */,
			);
			path = UI;
			sourceTree = "<group>";
		};
		D71A5F152AC1589E00D909E9 /* Usecase */ = {
			isa = PBXGroup;
			children = (
				D71A5F182AC158AF00D909E9 /* NewsScene */,
			);
			path = Usecase;
			sourceTree = "<group>";
		};
		D71A5F182AC158AF00D909E9 /* NewsScene */ = {
			isa = PBXGroup;
			children = (
				D71A5EFF2AC089BC00D909E9 /* NewsUsecase.swift */,
			);
			path = NewsScene;
			sourceTree = "<group>";
		};
		D781F2D02AC055B50031366E = {
			isa = PBXGroup;
			children = (
				D781F2DB2AC055B50031366E /* CleanArchitecture_MVVM */,
				D781F2F22AC055B60031366E /* CleanArchitecture_MVVMTests */,
				D781F2FC2AC055B60031366E /* CleanArchitecture_MVVMUITests */,
				D781F2DA2AC055B50031366E /* Products */,
				D71A5EE32AC0752800D909E9 /* Frameworks */,
			);
			sourceTree = "<group>";
		};
		D781F2DA2AC055B50031366E /* Products */ = {
			isa = PBXGroup;
			children = (
				D781F2D92AC055B50031366E /* CleanArchitecture_MVVM.app */,
				D781F2EF2AC055B60031366E /* CleanArchitecture_MVVMTests.xctest */,
				D781F2F92AC055B60031366E /* CleanArchitecture_MVVMUITests.xctest */,
			);
			name = Products;
			sourceTree = "<group>";
		};
		D781F2DB2AC055B50031366E /* CleanArchitecture_MVVM */ = {
			isa = PBXGroup;
			children = (
				D781F3142AC062D20031366E /* Application */,
				D781F3132AC062CD0031366E /* Presentation */,
				D781F3122AC062C70031366E /* Domain */,
				D781F3112AC062C40031366E /* Data */,
				D781F3102AC062BF0031366E /* Util */,
				D781F30F2AC062BA0031366E /* Service */,
				D781F30E2AC062B20031366E /* Resource */,
			);
			path = CleanArchitecture_MVVM;
			sourceTree = "<group>";
		};
		D781F2F22AC055B60031366E /* CleanArchitecture_MVVMTests */ = {
			isa = PBXGroup;
			children = (
				D781F2F32AC055B60031366E /* CleanArchitecture_MVVMTests.swift */,
			);
			path = CleanArchitecture_MVVMTests;
			sourceTree = "<group>";
		};
		D781F2FC2AC055B60031366E /* CleanArchitecture_MVVMUITests */ = {
			isa = PBXGroup;
			children = (
				D781F2FD2AC055B60031366E /* CleanArchitecture_MVVMUITests.swift */,
				D781F2FF2AC055B60031366E /* CleanArchitecture_MVVMUITestsLaunchTests.swift */,
			);
			path = CleanArchitecture_MVVMUITests;
			sourceTree = "<group>";
		};
		D781F30E2AC062B20031366E /* Resource */ = {
			isa = PBXGroup;
			children = (
				D781F2E52AC055B60031366E /* Assets.xcassets */,
				D781F2E72AC055B60031366E /* LaunchScreen.storyboard */,
			);
			path = Resource;
			sourceTree = "<group>";
		};
		D781F30F2AC062BA0031366E /* Service */ = {
			isa = PBXGroup;
			children = (
			);
			path = Service;
			sourceTree = "<group>";
		};
		D781F3102AC062BF0031366E /* Util */ = {
			isa = PBXGroup;
			children = (
				D71A5F0B2AC120B900D909E9 /* Extension */,
			);
			path = Util;
			sourceTree = "<group>";
		};
		D781F3112AC062C40031366E /* Data */ = {
			isa = PBXGroup;
			children = (
				D71A5F082AC08A9D00D909E9 /* Repository */,
				D71A5F012AC08A0B00D909E9 /* DTO */,
				D71A5EE02AC0718D00D909E9 /* Network */,
			);
			path = Data;
			sourceTree = "<group>";
		};
		D781F3122AC062C70031366E /* Domain */ = {
			isa = PBXGroup;
			children = (
				D71A5F152AC1589E00D909E9 /* Usecase */,
				D71A5F052AC08A4F00D909E9 /* Entity */,
			);
			path = Domain;
			sourceTree = "<group>";
		};
		D781F3132AC062CD0031366E /* Presentation */ = {
			isa = PBXGroup;
			children = (
				D71A5EE62AC075CF00D909E9 /* Common */,
				D781F3152AC062F60031366E /* Scene */,
			);
			path = Presentation;
			sourceTree = "<group>";
		};
		D781F3142AC062D20031366E /* Application */ = {
			isa = PBXGroup;
			children = (
				D781F2EA2AC055B60031366E /* Info.plist */,
				D781F2DC2AC055B50031366E /* AppDelegate.swift */,
				D781F2DE2AC055B50031366E /* SceneDelegate.swift */,
			);
			path = Application;
			sourceTree = "<group>";
		};
		D781F3152AC062F60031366E /* Scene */ = {
			isa = PBXGroup;
			children = (
				D71A5EEA2AC0766400D909E9 /* News */,
			);
			path = Scene;
			sourceTree = "<group>";
		};
/* End PBXGroup section */

/* Begin PBXNativeTarget section */
		D781F2D82AC055B50031366E /* CleanArchitecture_MVVM */ = {
			isa = PBXNativeTarget;
			buildConfigurationList = D781F3032AC055B60031366E /* Build configuration list for PBXNativeTarget "CleanArchitecture_MVVM" */;
			buildPhases = (
				D781F2D52AC055B50031366E /* Sources */,
				D781F2D62AC055B50031366E /* Frameworks */,
				D781F2D72AC055B50031366E /* Resources */,
			);
			buildRules = (
			);
			dependencies = (
			);
			name = CleanArchitecture_MVVM;
			packageProductDependencies = (
				D71A5EE42AC0752800D909E9 /* Moya */,
				D71A5EF92AC0821B00D909E9 /* SnapKit */,
			);
			productName = CleanArchitecture_MVVM;
			productReference = D781F2D92AC055B50031366E /* CleanArchitecture_MVVM.app */;
			productType = "com.apple.product-type.application";
		};
		D781F2EE2AC055B60031366E /* CleanArchitecture_MVVMTests */ = {
			isa = PBXNativeTarget;
			buildConfigurationList = D781F3062AC055B60031366E /* Build configuration list for PBXNativeTarget "CleanArchitecture_MVVMTests" */;
			buildPhases = (
				D781F2EB2AC055B60031366E /* Sources */,
				D781F2EC2AC055B60031366E /* Frameworks */,
				D781F2ED2AC055B60031366E /* Resources */,
			);
			buildRules = (
			);
			dependencies = (
				D781F2F12AC055B60031366E /* PBXTargetDependency */,
			);
			name = CleanArchitecture_MVVMTests;
			productName = CleanArchitecture_MVVMTests;
			productReference = D781F2EF2AC055B60031366E /* CleanArchitecture_MVVMTests.xctest */;
			productType = "com.apple.product-type.bundle.unit-test";
		};
		D781F2F82AC055B60031366E /* CleanArchitecture_MVVMUITests */ = {
			isa = PBXNativeTarget;
			buildConfigurationList = D781F3092AC055B60031366E /* Build configuration list for PBXNativeTarget "CleanArchitecture_MVVMUITests" */;
			buildPhases = (
				D781F2F52AC055B60031366E /* Sources */,
				D781F2F62AC055B60031366E /* Frameworks */,
				D781F2F72AC055B60031366E /* Resources */,
			);
			buildRules = (
			);
			dependencies = (
				D781F2FB2AC055B60031366E /* PBXTargetDependency */,
			);
			name = CleanArchitecture_MVVMUITests;
			productName = CleanArchitecture_MVVMUITests;
			productReference = D781F2F92AC055B60031366E /* CleanArchitecture_MVVMUITests.xctest */;
			productType = "com.apple.product-type.bundle.ui-testing";
		};
/* End PBXNativeTarget section */

/* Begin PBXProject section */
		D781F2D12AC055B50031366E /* Project object */ = {
			isa = PBXProject;
			attributes = {
				BuildIndependentTargetsInParallel = 1;
				LastSwiftUpdateCheck = 1500;
				LastUpgradeCheck = 1500;
				TargetAttributes = {
					D781F2D82AC055B50031366E = {
						CreatedOnToolsVersion = 15.0;
					};
					D781F2EE2AC055B60031366E = {
						CreatedOnToolsVersion = 15.0;
						TestTargetID = D781F2D82AC055B50031366E;
					};
					D781F2F82AC055B60031366E = {
						CreatedOnToolsVersion = 15.0;
						TestTargetID = D781F2D82AC055B50031366E;
					};
				};
			};
			buildConfigurationList = D781F2D42AC055B50031366E /* Build configuration list for PBXProject "CleanArchitecture_MVVM" */;
			compatibilityVersion = "Xcode 14.0";
			developmentRegion = en;
			hasScannedForEncodings = 0;
			knownRegions = (
				en,
				Base,
			);
			mainGroup = D781F2D02AC055B50031366E;
			packageReferences = (
				D71A5ED52AC06E1700D909E9 /* XCRemoteSwiftPackageReference "Moya" */,
				D71A5EF82AC0821500D909E9 /* XCRemoteSwiftPackageReference "SnapKit" */,
			);
			productRefGroup = D781F2DA2AC055B50031366E /* Products */;
			projectDirPath = "";
			projectRoot = "";
			targets = (
				D781F2D82AC055B50031366E /* CleanArchitecture_MVVM */,
				D781F2EE2AC055B60031366E /* CleanArchitecture_MVVMTests */,
				D781F2F82AC055B60031366E /* CleanArchitecture_MVVMUITests */,
			);
		};
/* End PBXProject section */

/* Begin PBXResourcesBuildPhase section */
		D781F2D72AC055B50031366E /* Resources */ = {
			isa = PBXResourcesBuildPhase;
			buildActionMask = 2147483647;
			files = (
				D781F2E92AC055B60031366E /* LaunchScreen.storyboard in Resources */,
				D781F2E62AC055B60031366E /* Assets.xcassets in Resources */,
				D71A5EDB2AC0705A00D909E9 /* Key.plist in Resources */,
			);
			runOnlyForDeploymentPostprocessing = 0;
		};
		D781F2ED2AC055B60031366E /* Resources */ = {
			isa = PBXResourcesBuildPhase;
			buildActionMask = 2147483647;
			files = (
			);
			runOnlyForDeploymentPostprocessing = 0;
		};
		D781F2F72AC055B60031366E /* Resources */ = {
			isa = PBXResourcesBuildPhase;
			buildActionMask = 2147483647;
			files = (
			);
			runOnlyForDeploymentPostprocessing = 0;
		};
/* End PBXResourcesBuildPhase section */

/* Begin PBXSourcesBuildPhase section */
		D781F2D52AC055B50031366E /* Sources */ = {
			isa = PBXSourcesBuildPhase;
			buildActionMask = 2147483647;
			files = (
				D71A5F112AC146F200D909E9 /* UIViewController+Preview.swift in Sources */,
				D71A5F072AC08A5700D909E9 /* NewsResponse.swift in Sources */,
				D781F2E12AC055B50031366E /* NewsViewController.swift in Sources */,
				D71A5EF72AC07EE000D909E9 /* UIView+Preview.swift in Sources */,
				D71A5EEE2AC0772D00D909E9 /* NewsView.swift in Sources */,
				D71A5F042AC08A1900D909E9 /* NewsResponseDTO.swift in Sources */,
				D781F2DD2AC055B50031366E /* AppDelegate.swift in Sources */,
				D781F2DF2AC055B50031366E /* SceneDelegate.swift in Sources */,
				D71A5EE22AC071D000D909E9 /* NewsEndPoint.swift in Sources */,
				D71A5F142AC14BFD00D909E9 /* UIViewController+Alert.swift in Sources */,
				D71A5F002AC089BC00D909E9 /* NewsUsecase.swift in Sources */,
				D71A5EFD2AC088F500D909E9 /* NewsViewModel.swift in Sources */,
				D71A5EF32AC07C6D00D909E9 /* ArticleCell.swift in Sources */,
				D71A5EDF2AC0713D00D909E9 /* APIEnvironment.swift in Sources */,
				D71A5EDD2AC070A300D909E9 /* Key+Extension.swift in Sources */,
				D71A5EE92AC075DF00D909E9 /* BaseViewType.swift in Sources */,
				D71A5F0E2AC120D700D909E9 /* UIViewController+Combine.swift in Sources */,
				D71A5F0A2AC08AB300D909E9 /* NewsRepository.swift in Sources */,
			);
			runOnlyForDeploymentPostprocessing = 0;
		};
		D781F2EB2AC055B60031366E /* Sources */ = {
			isa = PBXSourcesBuildPhase;
			buildActionMask = 2147483647;
			files = (
				D781F2F42AC055B60031366E /* CleanArchitecture_MVVMTests.swift in Sources */,
			);
			runOnlyForDeploymentPostprocessing = 0;
		};
		D781F2F52AC055B60031366E /* Sources */ = {
			isa = PBXSourcesBuildPhase;
			buildActionMask = 2147483647;
			files = (
				D781F2FE2AC055B60031366E /* CleanArchitecture_MVVMUITests.swift in Sources */,
				D781F3002AC055B60031366E /* CleanArchitecture_MVVMUITestsLaunchTests.swift in Sources */,
			);
			runOnlyForDeploymentPostprocessing = 0;
		};
/* End PBXSourcesBuildPhase section */

/* Begin PBXTargetDependency section */
		D781F2F12AC055B60031366E /* PBXTargetDependency */ = {
			isa = PBXTargetDependency;
			target = D781F2D82AC055B50031366E /* CleanArchitecture_MVVM */;
			targetProxy = D781F2F02AC055B60031366E /* PBXContainerItemProxy */;
		};
		D781F2FB2AC055B60031366E /* PBXTargetDependency */ = {
			isa = PBXTargetDependency;
			target = D781F2D82AC055B50031366E /* CleanArchitecture_MVVM */;
			targetProxy = D781F2FA2AC055B60031366E /* PBXContainerItemProxy */;
		};
/* End PBXTargetDependency section */

/* Begin PBXVariantGroup section */
		D781F2E72AC055B60031366E /* LaunchScreen.storyboard */ = {
			isa = PBXVariantGroup;
			children = (
				D781F2E82AC055B60031366E /* Base */,
			);
			name = LaunchScreen.storyboard;
			sourceTree = "<group>";
		};
/* End PBXVariantGroup section */

/* Begin XCBuildConfiguration section */
		D781F3012AC055B60031366E /* Debug */ = {
			isa = XCBuildConfiguration;
			buildSettings = {
				ALWAYS_SEARCH_USER_PATHS = NO;
				ASSETCATALOG_COMPILER_GENERATE_SWIFT_ASSET_SYMBOL_EXTENSIONS = YES;
				CLANG_ANALYZER_NONNULL = YES;
				CLANG_ANALYZER_NUMBER_OBJECT_CONVERSION = YES_AGGRESSIVE;
				CLANG_CXX_LANGUAGE_STANDARD = "gnu++20";
				CLANG_ENABLE_MODULES = YES;
				CLANG_ENABLE_OBJC_ARC = YES;
				CLANG_ENABLE_OBJC_WEAK = YES;
				CLANG_WARN_BLOCK_CAPTURE_AUTORELEASING = YES;
				CLANG_WARN_BOOL_CONVERSION = YES;
				CLANG_WARN_COMMA = YES;
				CLANG_WARN_CONSTANT_CONVERSION = YES;
				CLANG_WARN_DEPRECATED_OBJC_IMPLEMENTATIONS = YES;
				CLANG_WARN_DIRECT_OBJC_ISA_USAGE = YES_ERROR;
				CLANG_WARN_DOCUMENTATION_COMMENTS = YES;
				CLANG_WARN_EMPTY_BODY = YES;
				CLANG_WARN_ENUM_CONVERSION = YES;
				CLANG_WARN_INFINITE_RECURSION = YES;
				CLANG_WARN_INT_CONVERSION = YES;
				CLANG_WARN_NON_LITERAL_NULL_CONVERSION = YES;
				CLANG_WARN_OBJC_IMPLICIT_RETAIN_SELF = YES;
				CLANG_WARN_OBJC_LITERAL_CONVERSION = YES;
				CLANG_WARN_OBJC_ROOT_CLASS = YES_ERROR;
				CLANG_WARN_QUOTED_INCLUDE_IN_FRAMEWORK_HEADER = YES;
				CLANG_WARN_RANGE_LOOP_ANALYSIS = YES;
				CLANG_WARN_STRICT_PROTOTYPES = YES;
				CLANG_WARN_SUSPICIOUS_MOVE = YES;
				CLANG_WARN_UNGUARDED_AVAILABILITY = YES_AGGRESSIVE;
				CLANG_WARN_UNREACHABLE_CODE = YES;
				CLANG_WARN__DUPLICATE_METHOD_MATCH = YES;
				COPY_PHASE_STRIP = NO;
				DEBUG_INFORMATION_FORMAT = dwarf;
				ENABLE_STRICT_OBJC_MSGSEND = YES;
				ENABLE_TESTABILITY = YES;
				ENABLE_USER_SCRIPT_SANDBOXING = YES;
				GCC_C_LANGUAGE_STANDARD = gnu17;
				GCC_DYNAMIC_NO_PIC = NO;
				GCC_NO_COMMON_BLOCKS = YES;
				GCC_OPTIMIZATION_LEVEL = 0;
				GCC_PREPROCESSOR_DEFINITIONS = (
					"DEBUG=1",
					"$(inherited)",
				);
				GCC_WARN_64_TO_32_BIT_CONVERSION = YES;
				GCC_WARN_ABOUT_RETURN_TYPE = YES_ERROR;
				GCC_WARN_UNDECLARED_SELECTOR = YES;
				GCC_WARN_UNINITIALIZED_AUTOS = YES_AGGRESSIVE;
				GCC_WARN_UNUSED_FUNCTION = YES;
				GCC_WARN_UNUSED_VARIABLE = YES;
				IPHONEOS_DEPLOYMENT_TARGET = 17.0;
				LOCALIZATION_PREFERS_STRING_CATALOGS = YES;
				MTL_ENABLE_DEBUG_INFO = INCLUDE_SOURCE;
				MTL_FAST_MATH = YES;
				ONLY_ACTIVE_ARCH = YES;
				SDKROOT = iphoneos;
				SWIFT_ACTIVE_COMPILATION_CONDITIONS = "DEBUG $(inherited)";
				SWIFT_OPTIMIZATION_LEVEL = "-Onone";
			};
			name = Debug;
		};
		D781F3022AC055B60031366E /* Release */ = {
			isa = XCBuildConfiguration;
			buildSettings = {
				ALWAYS_SEARCH_USER_PATHS = NO;
				ASSETCATALOG_COMPILER_GENERATE_SWIFT_ASSET_SYMBOL_EXTENSIONS = YES;
				CLANG_ANALYZER_NONNULL = YES;
				CLANG_ANALYZER_NUMBER_OBJECT_CONVERSION = YES_AGGRESSIVE;
				CLANG_CXX_LANGUAGE_STANDARD = "gnu++20";
				CLANG_ENABLE_MODULES = YES;
				CLANG_ENABLE_OBJC_ARC = YES;
				CLANG_ENABLE_OBJC_WEAK = YES;
				CLANG_WARN_BLOCK_CAPTURE_AUTORELEASING = YES;
				CLANG_WARN_BOOL_CONVERSION = YES;
				CLANG_WARN_COMMA = YES;
				CLANG_WARN_CONSTANT_CONVERSION = YES;
				CLANG_WARN_DEPRECATED_OBJC_IMPLEMENTATIONS = YES;
				CLANG_WARN_DIRECT_OBJC_ISA_USAGE = YES_ERROR;
				CLANG_WARN_DOCUMENTATION_COMMENTS = YES;
				CLANG_WARN_EMPTY_BODY = YES;
				CLANG_WARN_ENUM_CONVERSION = YES;
				CLANG_WARN_INFINITE_RECURSION = YES;
				CLANG_WARN_INT_CONVERSION = YES;
				CLANG_WARN_NON_LITERAL_NULL_CONVERSION = YES;
				CLANG_WARN_OBJC_IMPLICIT_RETAIN_SELF = YES;
				CLANG_WARN_OBJC_LITERAL_CONVERSION = YES;
				CLANG_WARN_OBJC_ROOT_CLASS = YES_ERROR;
				CLANG_WARN_QUOTED_INCLUDE_IN_FRAMEWORK_HEADER = YES;
				CLANG_WARN_RANGE_LOOP_ANALYSIS = YES;
				CLANG_WARN_STRICT_PROTOTYPES = YES;
				CLANG_WARN_SUSPICIOUS_MOVE = YES;
				CLANG_WARN_UNGUARDED_AVAILABILITY = YES_AGGRESSIVE;
				CLANG_WARN_UNREACHABLE_CODE = YES;
				CLANG_WARN__DUPLICATE_METHOD_MATCH = YES;
				COPY_PHASE_STRIP = NO;
				DEBUG_INFORMATION_FORMAT = "dwarf-with-dsym";
				ENABLE_NS_ASSERTIONS = NO;
				ENABLE_STRICT_OBJC_MSGSEND = YES;
				ENABLE_USER_SCRIPT_SANDBOXING = YES;
				GCC_C_LANGUAGE_STANDARD = gnu17;
				GCC_NO_COMMON_BLOCKS = YES;
				GCC_WARN_64_TO_32_BIT_CONVERSION = YES;
				GCC_WARN_ABOUT_RETURN_TYPE = YES_ERROR;
				GCC_WARN_UNDECLARED_SELECTOR = YES;
				GCC_WARN_UNINITIALIZED_AUTOS = YES_AGGRESSIVE;
				GCC_WARN_UNUSED_FUNCTION = YES;
				GCC_WARN_UNUSED_VARIABLE = YES;
				IPHONEOS_DEPLOYMENT_TARGET = 17.0;
				LOCALIZATION_PREFERS_STRING_CATALOGS = YES;
				MTL_ENABLE_DEBUG_INFO = NO;
				MTL_FAST_MATH = YES;
				SDKROOT = iphoneos;
				SWIFT_COMPILATION_MODE = wholemodule;
				VALIDATE_PRODUCT = YES;
			};
			name = Release;
		};
		D781F3042AC055B60031366E /* Debug */ = {
			isa = XCBuildConfiguration;
			buildSettings = {
				ASSETCATALOG_COMPILER_APPICON_NAME = AppIcon;
				ASSETCATALOG_COMPILER_GLOBAL_ACCENT_COLOR_NAME = AccentColor;
				CODE_SIGN_STYLE = Automatic;
				CURRENT_PROJECT_VERSION = 1;
				DEVELOPMENT_TEAM = RGZ8HP6A2J;
				GENERATE_INFOPLIST_FILE = YES;
				INFOPLIST_FILE = CleanArchitecture_MVVM/Info.plist;
				INFOPLIST_KEY_UIApplicationSupportsIndirectInputEvents = YES;
				INFOPLIST_KEY_UILaunchStoryboardName = LaunchScreen;
				INFOPLIST_KEY_UISupportedInterfaceOrientations_iPad = "UIInterfaceOrientationPortrait UIInterfaceOrientationPortraitUpsideDown UIInterfaceOrientationLandscapeLeft UIInterfaceOrientationLandscapeRight";
				INFOPLIST_KEY_UISupportedInterfaceOrientations_iPhone = "UIInterfaceOrientationPortrait UIInterfaceOrientationLandscapeLeft UIInterfaceOrientationLandscapeRight";
				IPHONEOS_DEPLOYMENT_TARGET = 16.4;
				LD_RUNPATH_SEARCH_PATHS = (
					"$(inherited)",
					"@executable_path/Frameworks",
				);
				MARKETING_VERSION = 1.0;
				PRODUCT_BUNDLE_IDENTIFIER = "dangsal.CleanArchitecture-MVVM";
				PRODUCT_NAME = "$(TARGET_NAME)";
				SWIFT_EMIT_LOC_STRINGS = YES;
				SWIFT_VERSION = 5.0;
				TARGETED_DEVICE_FAMILY = "1,2";
			};
			name = Debug;
		};
		D781F3052AC055B60031366E /* Release */ = {
			isa = XCBuildConfiguration;
			buildSettings = {
				ASSETCATALOG_COMPILER_APPICON_NAME = AppIcon;
				ASSETCATALOG_COMPILER_GLOBAL_ACCENT_COLOR_NAME = AccentColor;
				CODE_SIGN_STYLE = Automatic;
				CURRENT_PROJECT_VERSION = 1;
				DEVELOPMENT_TEAM = RGZ8HP6A2J;
				GENERATE_INFOPLIST_FILE = YES;
				INFOPLIST_FILE = CleanArchitecture_MVVM/Info.plist;
				INFOPLIST_KEY_UIApplicationSupportsIndirectInputEvents = YES;
				INFOPLIST_KEY_UILaunchStoryboardName = LaunchScreen;
				INFOPLIST_KEY_UISupportedInterfaceOrientations_iPad = "UIInterfaceOrientationPortrait UIInterfaceOrientationPortraitUpsideDown UIInterfaceOrientationLandscapeLeft UIInterfaceOrientationLandscapeRight";
				INFOPLIST_KEY_UISupportedInterfaceOrientations_iPhone = "UIInterfaceOrientationPortrait UIInterfaceOrientationLandscapeLeft UIInterfaceOrientationLandscapeRight";
				IPHONEOS_DEPLOYMENT_TARGET = 16.4;
				LD_RUNPATH_SEARCH_PATHS = (
					"$(inherited)",
					"@executable_path/Frameworks",
				);
				MARKETING_VERSION = 1.0;
				PRODUCT_BUNDLE_IDENTIFIER = "dangsal.CleanArchitecture-MVVM";
				PRODUCT_NAME = "$(TARGET_NAME)";
				SWIFT_EMIT_LOC_STRINGS = YES;
				SWIFT_VERSION = 5.0;
				TARGETED_DEVICE_FAMILY = "1,2";
			};
			name = Release;
		};
		D781F3072AC055B60031366E /* Debug */ = {
			isa = XCBuildConfiguration;
			buildSettings = {
				ALWAYS_EMBED_SWIFT_STANDARD_LIBRARIES = YES;
				BUNDLE_LOADER = "$(TEST_HOST)";
				CODE_SIGN_STYLE = Automatic;
				CURRENT_PROJECT_VERSION = 1;
				DEVELOPMENT_TEAM = RGZ8HP6A2J;
				GENERATE_INFOPLIST_FILE = YES;
				IPHONEOS_DEPLOYMENT_TARGET = 17.0;
				MARKETING_VERSION = 1.0;
				PRODUCT_BUNDLE_IDENTIFIER = "dangsal.CleanArchitecture-MVVMTests";
				PRODUCT_NAME = "$(TARGET_NAME)";
				SWIFT_EMIT_LOC_STRINGS = NO;
				SWIFT_VERSION = 5.0;
				TARGETED_DEVICE_FAMILY = "1,2";
				TEST_HOST = "$(BUILT_PRODUCTS_DIR)/CleanArchitecture_MVVM.app/$(BUNDLE_EXECUTABLE_FOLDER_PATH)/CleanArchitecture_MVVM";
			};
			name = Debug;
		};
		D781F3082AC055B60031366E /* Release */ = {
			isa = XCBuildConfiguration;
			buildSettings = {
				ALWAYS_EMBED_SWIFT_STANDARD_LIBRARIES = YES;
				BUNDLE_LOADER = "$(TEST_HOST)";
				CODE_SIGN_STYLE = Automatic;
				CURRENT_PROJECT_VERSION = 1;
				DEVELOPMENT_TEAM = RGZ8HP6A2J;
				GENERATE_INFOPLIST_FILE = YES;
				IPHONEOS_DEPLOYMENT_TARGET = 17.0;
				MARKETING_VERSION = 1.0;
				PRODUCT_BUNDLE_IDENTIFIER = "dangsal.CleanArchitecture-MVVMTests";
				PRODUCT_NAME = "$(TARGET_NAME)";
				SWIFT_EMIT_LOC_STRINGS = NO;
				SWIFT_VERSION = 5.0;
				TARGETED_DEVICE_FAMILY = "1,2";
				TEST_HOST = "$(BUILT_PRODUCTS_DIR)/CleanArchitecture_MVVM.app/$(BUNDLE_EXECUTABLE_FOLDER_PATH)/CleanArchitecture_MVVM";
			};
			name = Release;
		};
		D781F30A2AC055B60031366E /* Debug */ = {
			isa = XCBuildConfiguration;
			buildSettings = {
				ALWAYS_EMBED_SWIFT_STANDARD_LIBRARIES = YES;
				CODE_SIGN_STYLE = Automatic;
				CURRENT_PROJECT_VERSION = 1;
				DEVELOPMENT_TEAM = RGZ8HP6A2J;
				GENERATE_INFOPLIST_FILE = YES;
				MARKETING_VERSION = 1.0;
				PRODUCT_BUNDLE_IDENTIFIER = "dangsal.CleanArchitecture-MVVMUITests";
				PRODUCT_NAME = "$(TARGET_NAME)";
				SWIFT_EMIT_LOC_STRINGS = NO;
				SWIFT_VERSION = 5.0;
				TARGETED_DEVICE_FAMILY = "1,2";
				TEST_TARGET_NAME = CleanArchitecture_MVVM;
			};
			name = Debug;
		};
		D781F30B2AC055B60031366E /* Release */ = {
			isa = XCBuildConfiguration;
			buildSettings = {
				ALWAYS_EMBED_SWIFT_STANDARD_LIBRARIES = YES;
				CODE_SIGN_STYLE = Automatic;
				CURRENT_PROJECT_VERSION = 1;
				DEVELOPMENT_TEAM = RGZ8HP6A2J;
				GENERATE_INFOPLIST_FILE = YES;
				MARKETING_VERSION = 1.0;
				PRODUCT_BUNDLE_IDENTIFIER = "dangsal.CleanArchitecture-MVVMUITests";
				PRODUCT_NAME = "$(TARGET_NAME)";
				SWIFT_EMIT_LOC_STRINGS = NO;
				SWIFT_VERSION = 5.0;
				TARGETED_DEVICE_FAMILY = "1,2";
				TEST_TARGET_NAME = CleanArchitecture_MVVM;
			};
			name = Release;
		};
/* End XCBuildConfiguration section */

/* Begin XCConfigurationList section */
		D781F2D42AC055B50031366E /* Build configuration list for PBXProject "CleanArchitecture_MVVM" */ = {
			isa = XCConfigurationList;
			buildConfigurations = (
				D781F3012AC055B60031366E /* Debug */,
				D781F3022AC055B60031366E /* Release */,
			);
			defaultConfigurationIsVisible = 0;
			defaultConfigurationName = Release;
		};
		D781F3032AC055B60031366E /* Build configuration list for PBXNativeTarget "CleanArchitecture_MVVM" */ = {
			isa = XCConfigurationList;
			buildConfigurations = (
				D781F3042AC055B60031366E /* Debug */,
				D781F3052AC055B60031366E /* Release */,
			);
			defaultConfigurationIsVisible = 0;
			defaultConfigurationName = Release;
		};
		D781F3062AC055B60031366E /* Build configuration list for PBXNativeTarget "CleanArchitecture_MVVMTests" */ = {
			isa = XCConfigurationList;
			buildConfigurations = (
				D781F3072AC055B60031366E /* Debug */,
				D781F3082AC055B60031366E /* Release */,
			);
			defaultConfigurationIsVisible = 0;
			defaultConfigurationName = Release;
		};
		D781F3092AC055B60031366E /* Build configuration list for PBXNativeTarget "CleanArchitecture_MVVMUITests" */ = {
			isa = XCConfigurationList;
			buildConfigurations = (
				D781F30A2AC055B60031366E /* Debug */,
				D781F30B2AC055B60031366E /* Release */,
			);
			defaultConfigurationIsVisible = 0;
			defaultConfigurationName = Release;
		};
/* End XCConfigurationList section */

/* Begin XCRemoteSwiftPackageReference section */
		D71A5ED52AC06E1700D909E9 /* XCRemoteSwiftPackageReference "Moya" */ = {
			isa = XCRemoteSwiftPackageReference;
			repositoryURL = "https://github.com/Moya/Moya";
			requirement = {
				kind = upToNextMajorVersion;
				minimumVersion = 15.0.3;
			};
		};
		D71A5EF82AC0821500D909E9 /* XCRemoteSwiftPackageReference "SnapKit" */ = {
			isa = XCRemoteSwiftPackageReference;
			repositoryURL = "https://github.com/SnapKit/SnapKit";
			requirement = {
				kind = upToNextMajorVersion;
				minimumVersion = 5.6.0;
			};
		};
/* End XCRemoteSwiftPackageReference section */

/* Begin XCSwiftPackageProductDependency section */
		D71A5EE42AC0752800D909E9 /* Moya */ = {
			isa = XCSwiftPackageProductDependency;
			package = D71A5ED52AC06E1700D909E9 /* XCRemoteSwiftPackageReference "Moya" */;
			productName = Moya;
		};
		D71A5EF92AC0821B00D909E9 /* SnapKit */ = {
			isa = XCSwiftPackageProductDependency;
			package = D71A5EF82AC0821500D909E9 /* XCRemoteSwiftPackageReference "SnapKit" */;
			productName = SnapKit;
		};
/* End XCSwiftPackageProductDependency section */
	};
	rootObject = D781F2D12AC055B50031366E /* Project object */;
}
